<?xml version="1.0" encoding="utf-8"?>
<Project ToolsVersion="4.0" xmlns="http://schemas.microsoft.com/developer/msbuild/2003">
  <ItemGroup>
    <Filter Include="Source Files">
      <UniqueIdentifier>{4FC737F1-C7A5-4376-A066-2A32D752A2FF}</UniqueIdentifier>
      <Extensions>cpp;c;cc;cxx;def;odl;idl;hpj;bat;asm;asmx</Extensions>
    </Filter>
    <Filter Include="Header Files">
      <UniqueIdentifier>{93995380-89BD-4b04-88EB-625FBE52EBFB}</UniqueIdentifier>
      <Extensions>h;hpp;hxx;hm;inl;inc;xsd</Extensions>
    </Filter>
    <Filter Include="Resource Files">
      <UniqueIdentifier>{67DA6AB6-F800-4c08-8B7A-83BB121AAD01}</UniqueIdentifier>
      <Extensions>rc;ico;cur;bmp;dlg;rc2;rct;bin;rgs;gif;jpg;jpeg;jpe;resx;tiff;tif;png;wav;mfcribbon-ms</Extensions>
    </Filter>
  </ItemGroup>
  <ItemGroup>
    <None Include="ReadMe.txt" />
  </ItemGroup>
  <ItemGroup>
    <ClInclude Include="..\oPRCFile.h">
      <Filter>Header Files</Filter>
    </ClInclude>
    <ClInclude Include="..\PRC.h">
      <Filter>Header Files</Filter>
    </ClInclude>
    <ClInclude Include="..\PRCbitStream.h">
      <Filter>Header Files</Filter>
    </ClInclude>
    <ClInclude Include="..\PRCdouble.h">
      <Filter>Header Files</Filter>
    </ClInclude>
    <ClInclude Include="..\writePRC.h">
      <Filter>Header Files</Filter>
    </ClInclude>
    <ClInclude Include="..\PRCTools\iPRCFile.h">
      <Filter>Header Files</Filter>
    </ClInclude>
    <ClInclude Include="..\PRCTools\bitData.h">
      <Filter>Header Files</Filter>
    </ClInclude>
    <ClInclude Include="..\PRCTools\describePRC.h">
      <Filter>Header Files</Filter>
    </ClInclude>
    <ClInclude Include="..\PRCTools\inflation.h">
      <Filter>Header Files</Filter>
    </ClInclude>
  </ItemGroup>
  <ItemGroup>
    <ClCompile Include="..\oPRCFile.cc">
      <Filter>Source Files</Filter>
    </ClCompile>
    <ClCompile Include="..\PRCbitStream.cc">
      <Filter>Source Files</Filter>
    </ClCompile>
    <ClCompile Include="..\PRCdouble.cc">
      <Filter>Source Files</Filter>
    </ClCompile>
    <ClCompile Include="..\writePRC.cc">
      <Filter>Source Files</Filter>
    </ClCompile>
    <ClCompile Include="..\PRCTools\iPRCFile.cc">
      <Filter>Source Files</Filter>
    </ClCompile>
    <ClCompile Include="..\PRCTools\inflation.cc">
      <Filter>Source Files</Filter>
    </ClCompile>
    <ClCompile Include="..\PRCTools\describePRC.cc">
      <Filter>Source Files</Filter>
    </ClCompile>
    <ClCompile Include="..\PRCTools\bitData.cc">
      <Filter>Source Files</Filter>
    </ClCompile>
  </ItemGroup>
</Project>